
Microsoft Visual Studio Solution File, Format Version 12.00
# Visual Studio 15
VisualStudioVersion = 15.0.27703.2018
MinimumVisualStudioVersion = 10.0.40219.1
Project("{FAE04EC0-301F-11D3-BF4B-00C04F79EFBC}") = "myStory", "myStory\myStory.csproj", "{120C6A03-17A3-4583-891A-DCFCCBCBD0EB}"
EndProject
Global
	GlobalSection(SolutionConfigurationPlatforms) = preSolution
		Debug|Any CPU = Debug|Any CPU
		Release|Any CPU = Release|Any CPU
	EndGlobalSection
	GlobalSection(ProjectConfigurationPlatforms) = postSolution
		{120C6A03-17A3-4583-891A-DCFCCBCBD0EB}.Debug|Any CPU.ActiveCfg = Debug|Any CPU
		{120C6A03-17A3-4583-891A-DCFCCBCBD0EB}.Debug|Any CPU.Build.0 = Debug|Any CPU
		{120C6A03-17A3-4583-891A-DCFCCBCBD0EB}.Release|Any CPU.ActiveCfg = Release|Any CPU
		{120C6A03-17A3-4583-891A-DCFCCBCBD0EB}.Release|Any CPU.Build.0 = Release|Any CPU
	EndGlobalSection
	GlobalSection(SolutionProperties) = preSolution
		HideSolutionNode = FALSE
	EndGlobalSection
	GlobalSection(ExtensibilityGlobals) = postSolution
		SolutionGuid = {80F4533D-586B-49E5-B4E5-2EDD00988DF6}
	EndGlobalSection
EndGlobal
